
Microsoft Visual Studio Solution File, Format Version 12.00
# Visual Studio Version 17
VisualStudioVersion = 17.14.36408.4 d17.14
MinimumVisualStudioVersion = 10.0.40219.1
Project("{FAE04EC0-301F-11D3-BF4B-00C04F79EFBC}") = "ExampleForWPF", "ExampleForWPF.csproj", "{AB9E069D-3EFB-47E6-BE80-1BC1392BD23D}"
EndProject
Global
	GlobalSection(SolutionConfigurationPlatforms) = preSolution
		Debug|Any CPU = Debug|Any CPU
		Release|Any CPU = Release|Any CPU
	EndGlobalSection
	GlobalSection(ProjectConfigurationPlatforms) = postSolution
		{AB9E069D-3EFB-47E6-BE80-1BC1392BD23D}.Debug|Any CPU.ActiveCfg = Debug|Any CPU
		{AB9E069D-3EFB-47E6-BE80-1BC1392BD23D}.Debug|Any CPU.Build.0 = Debug|Any CPU
		{AB9E069D-3EFB-47E6-BE80-1BC1392BD23D}.Release|Any CPU.ActiveCfg = Release|Any CPU
		{AB9E069D-3EFB-47E6-BE80-1BC1392BD23D}.Release|Any CPU.Build.0 = Release|Any CPU
	EndGlobalSection
	GlobalSection(SolutionProperties) = preSolution
		HideSolutionNode = FALSE
	EndGlobalSection
	GlobalSection(ExtensibilityGlobals) = postSolution
		SolutionGuid = {52174AB3-37E3-4395-8567-DF8BEF73F4EB}
	EndGlobalSection
EndGlobal
